
Microsoft Visual Studio Solution File, Format Version 12.00
# Visual Studio Version 17
VisualStudioVersion = 17.7.34009.444
MinimumVisualStudioVersion = 10.0.40219.1
Project("{FAE04EC0-301F-11D3-BF4B-00C04F79EFBC}") = "DZ2", "DZ2.csproj", "{A78A7667-54CE-4370-9083-5422629B6DF3}"
EndProject
Global
	GlobalSection(SolutionConfigurationPlatforms) = preSolution
		Debug|Any CPU = Debug|Any CPU
		Release|Any CPU = Release|Any CPU
	EndGlobalSection
	GlobalSection(ProjectConfigurationPlatforms) = postSolution
		{A78A7667-54CE-4370-9083-5422629B6DF3}.Debug|Any CPU.ActiveCfg = Debug|Any CPU
		{A78A7667-54CE-4370-9083-5422629B6DF3}.Debug|Any CPU.Build.0 = Debug|Any CPU
		{A78A7667-54CE-4370-9083-5422629B6DF3}.Release|Any CPU.ActiveCfg = Release|Any CPU
		{A78A7667-54CE-4370-9083-5422629B6DF3}.Release|Any CPU.Build.0 = Release|Any CPU
	EndGlobalSection
	GlobalSection(SolutionProperties) = preSolution
		HideSolutionNode = FALSE
	EndGlobalSection
	GlobalSection(ExtensibilityGlobals) = postSolution
		SolutionGuid = {C66BCF3E-1A32-4618-8FFE-49AA77FCB9EE}
	EndGlobalSection
EndGlobal
